// !$*UTF8*$!
{
	archiveVersion = 1;
	classes = {
	};
	objectVersion = 46;
	objects = {

/* Begin PBXBuildFile section */
		362D61CA1CE13F9B00F8A679 /* AppDelegate.swift in Sources */ = {isa = PBXBuildFile; fileRef = 362D61C91CE13F9B00F8A679 /* AppDelegate.swift */; };
		362D61CE1CE13F9B00F8A679 /* GameViewController.swift in Sources */ = {isa = PBXBuildFile; fileRef = 362D61CD1CE13F9B00F8A679 /* GameViewController.swift */; };
		362D61D11CE13F9B00F8A679 /* Main.storyboard in Resources */ = {isa = PBXBuildFile; fileRef = 362D61CF1CE13F9B00F8A679 /* Main.storyboard */; };
		362D61D31CE13F9B00F8A679 /* Assets.xcassets in Resources */ = {isa = PBXBuildFile; fileRef = 362D61D21CE13F9B00F8A679 /* Assets.xcassets */; };
		362D61D61CE13F9B00F8A679 /* LaunchScreen.storyboard in Resources */ = {isa = PBXBuildFile; fileRef = 362D61D41CE13F9B00F8A679 /* LaunchScreen.storyboard */; };
		362D61E11CE13F9C00F8A679 /* BreakerTests.swift in Sources */ = {isa = PBXBuildFile; fileRef = 362D61E01CE13F9C00F8A679 /* BreakerTests.swift */; };
		362D61EC1CE13F9C00F8A679 /* BreakerUITests.swift in Sources */ = {isa = PBXBuildFile; fileRef = 362D61EB1CE13F9C00F8A679 /* BreakerUITests.swift */; };
		362D61FC1CE1412A00F8A679 /* Breaker.scnassets in Resources */ = {isa = PBXBuildFile; fileRef = 362D61FB1CE1412A00F8A679 /* Breaker.scnassets */; };
		362D62031CE141BE00F8A679 /* GameHelper.swift in Sources */ = {isa = PBXBuildFile; fileRef = 362D61FF1CE141BE00F8A679 /* GameHelper.swift */; };
		362D62051CE141BE00F8A679 /* SCNAction.swift in Sources */ = {isa = PBXBuildFile; fileRef = 362D62011CE141BE00F8A679 /* SCNAction.swift */; };
		362D62061CE141BE00F8A679 /* SCNVector3.swift in Sources */ = {isa = PBXBuildFile; fileRef = 362D62021CE141BE00F8A679 /* SCNVector3.swift */; };
		36ED1ABC1CE160780092A636 /* ColliderType.swift in Sources */ = {isa = PBXBuildFile; fileRef = 36ED1ABB1CE160780092A636 /* ColliderType.swift */; };
		938B3B4F1E2A7F0100DB59AA /* CGFloat.swift in Sources */ = {isa = PBXBuildFile; fileRef = 938B3B4E1E2A7F0100DB59AA /* CGFloat.swift */; };
		938B3B511E2A7F6700DB59AA /* Float.swift in Sources */ = {isa = PBXBuildFile; fileRef = 938B3B501E2A7F6700DB59AA /* Float.swift */; };
/* End PBXBuildFile section */

/* Begin PBXContainerItemProxy section */
		362D61DD1CE13F9C00F8A679 /* PBXContainerItemProxy */ = {
			isa = PBXContainerItemProxy;
			containerPortal = 362D61BE1CE13F9B00F8A679 /* Project object */;
			proxyType = 1;
			remoteGlobalIDString = 362D61C51CE13F9B00F8A679;
			remoteInfo = Breaker;
		};
		362D61E81CE13F9C00F8A679 /* PBXContainerItemProxy */ = {
			isa = PBXContainerItemProxy;
			containerPortal = 362D61BE1CE13F9B00F8A679 /* Project object */;
			proxyType = 1;
			remoteGlobalIDString = 362D61C51CE13F9B00F8A679;
			remoteInfo = Breaker;
		};
/* End PBXContainerItemProxy section */

/* Begin PBXFileReference section */
		362D61C61CE13F9B00F8A679 /* Breaker.app */ = {isa = PBXFileReference; explicitFileType = wrapper.application; includeInIndex = 0; path = Breaker.app; sourceTree = BUILT_PRODUCTS_DIR; };
		362D61C91CE13F9B00F8A679 /* AppDelegate.swift */ = {isa = PBXFileReference; lastKnownFileType = sourcecode.swift; path = AppDelegate.swift; sourceTree = "<group>"; };
		362D61CD1CE13F9B00F8A679 /* GameViewController.swift */ = {isa = PBXFileReference; lastKnownFileType = sourcecode.swift; path = GameViewController.swift; sourceTree = "<group>"; };
		362D61D01CE13F9B00F8A679 /* Base */ = {isa = PBXFileReference; lastKnownFileType = file.storyboard; name = Base; path = Base.lproj/Main.storyboard; sourceTree = "<group>"; };
		362D61D21CE13F9B00F8A679 /* Assets.xcassets */ = {isa = PBXFileReference; lastKnownFileType = folder.assetcatalog; path = Assets.xcassets; sourceTree = "<group>"; };
		362D61D51CE13F9B00F8A679 /* Base */ = {isa = PBXFileReference; lastKnownFileType = file.storyboard; name = Base; path = Base.lproj/LaunchScreen.storyboard; sourceTree = "<group>"; };
		362D61D71CE13F9B00F8A679 /* Info.plist */ = {isa = PBXFileReference; lastKnownFileType = text.plist.xml; path = Info.plist; sourceTree = "<group>"; };
		362D61DC1CE13F9B00F8A679 /* BreakerTests.xctest */ = {isa = PBXFileReference; explicitFileType = wrapper.cfbundle; includeInIndex = 0; path = BreakerTests.xctest; sourceTree = BUILT_PRODUCTS_DIR; };
		362D61E01CE13F9C00F8A679 /* BreakerTests.swift */ = {isa = PBXFileReference; lastKnownFileType = sourcecode.swift; path = BreakerTests.swift; sourceTree = "<group>"; };
		362D61E21CE13F9C00F8A679 /* Info.plist */ = {isa = PBXFileReference; lastKnownFileType = text.plist.xml; path = Info.plist; sourceTree = "<group>"; };
		362D61E71CE13F9C00F8A679 /* BreakerUITests.xctest */ = {isa = PBXFileReference; explicitFileType = wrapper.cfbundle; includeInIndex = 0; path = BreakerUITests.xctest; sourceTree = BUILT_PRODUCTS_DIR; };
		362D61EB1CE13F9C00F8A679 /* BreakerUITests.swift */ = {isa = PBXFileReference; lastKnownFileType = sourcecode.swift; path = BreakerUITests.swift; sourceTree = "<group>"; };
		362D61ED1CE13F9C00F8A679 /* Info.plist */ = {isa = PBXFileReference; lastKnownFileType = text.plist.xml; path = Info.plist; sourceTree = "<group>"; };
		362D61FB1CE1412A00F8A679 /* Breaker.scnassets */ = {isa = PBXFileReference; lastKnownFileType = wrapper.scnassets; path = Breaker.scnassets; sourceTree = "<group>"; };
		362D61FF1CE141BE00F8A679 /* GameHelper.swift */ = {isa = PBXFileReference; fileEncoding = 4; lastKnownFileType = sourcecode.swift; path = GameHelper.swift; sourceTree = "<group>"; };
		362D62011CE141BE00F8A679 /* SCNAction.swift */ = {isa = PBXFileReference; fileEncoding = 4; lastKnownFileType = sourcecode.swift; name = SCNAction.swift; path = GameUtils/SCNAction.swift; sourceTree = "<group>"; };
		362D62021CE141BE00F8A679 /* SCNVector3.swift */ = {isa = PBXFileReference; fileEncoding = 4; lastKnownFileType = sourcecode.swift; name = SCNVector3.swift; path = GameUtils/SCNVector3.swift; sourceTree = "<group>"; };
		36ED1ABB1CE160780092A636 /* ColliderType.swift */ = {isa = PBXFileReference; fileEncoding = 4; lastKnownFileType = sourcecode.swift; path = ColliderType.swift; sourceTree = "<group>"; };
		938B3B4E1E2A7F0100DB59AA /* CGFloat.swift */ = {isa = PBXFileReference; fileEncoding = 4; lastKnownFileType = sourcecode.swift; path = CGFloat.swift; sourceTree = "<group>"; };
		938B3B501E2A7F6700DB59AA /* Float.swift */ = {isa = PBXFileReference; fileEncoding = 4; lastKnownFileType = sourcecode.swift; path = Float.swift; sourceTree = "<group>"; };
/* End PBXFileReference section */

/* Begin PBXFrameworksBuildPhase section */
		362D61C31CE13F9B00F8A679 /* Frameworks */ = {
			isa = PBXFrameworksBuildPhase;
			buildActionMask = 2147483647;
			files = (
			);
			runOnlyForDeploymentPostprocessing = 0;
		};
		362D61D91CE13F9B00F8A679 /* Frameworks */ = {
			isa = PBXFrameworksBuildPhase;
			buildActionMask = 2147483647;
			files = (
			);
			runOnlyForDeploymentPostprocessing = 0;
		};
		362D61E41CE13F9C00F8A679 /* Frameworks */ = {
			isa = PBXFrameworksBuildPhase;
			buildActionMask = 2147483647;
			files = (
			);
			runOnlyForDeploymentPostprocessing = 0;
		};
/* End PBXFrameworksBuildPhase section */

/* Begin PBXGroup section */
		362D61BD1CE13F9B00F8A679 = {
			isa = PBXGroup;
			children = (
				362D61C81CE13F9B00F8A679 /* Breaker */,
				362D61DF1CE13F9C00F8A679 /* BreakerTests */,
				362D61EA1CE13F9C00F8A679 /* BreakerUITests */,
				362D61C71CE13F9B00F8A679 /* Products */,
			);
			sourceTree = "<group>";
		};
		362D61C71CE13F9B00F8A679 /* Products */ = {
			isa = PBXGroup;
			children = (
				362D61C61CE13F9B00F8A679 /* Breaker.app */,
				362D61DC1CE13F9B00F8A679 /* BreakerTests.xctest */,
				362D61E71CE13F9C00F8A679 /* BreakerUITests.xctest */,
			);
			name = Products;
			sourceTree = "<group>";
		};
		362D61C81CE13F9B00F8A679 /* Breaker */ = {
			isa = PBXGroup;
			children = (
				938B3B4D1E2A7EF700DB59AA /* Extensions */,
				36ED1ABA1CE160640092A636 /* Models */,
				362D61FE1CE141BE00F8A679 /* GameUtils */,
				362D61FD1CE141A900F8A679 /* Controllers */,
				362D61FA1CE1411700F8A679 /* Storyboards */,
				362D61F91CE1410D00F8A679 /* Resources */,
				362D61C91CE13F9B00F8A679 /* AppDelegate.swift */,
			);
			path = Breaker;
			sourceTree = "<group>";
		};
		362D61DF1CE13F9C00F8A679 /* BreakerTests */ = {
			isa = PBXGroup;
			children = (
				362D61E01CE13F9C00F8A679 /* BreakerTests.swift */,
				362D61E21CE13F9C00F8A679 /* Info.plist */,
			);
			path = BreakerTests;
			sourceTree = "<group>";
		};
		362D61EA1CE13F9C00F8A679 /* BreakerUITests */ = {
			isa = PBXGroup;
			children = (
				362D61EB1CE13F9C00F8A679 /* BreakerUITests.swift */,
				362D61ED1CE13F9C00F8A679 /* Info.plist */,
			);
			path = BreakerUITests;
			sourceTree = "<group>";
		};
		362D61F91CE1410D00F8A679 /* Resources */ = {
			isa = PBXGroup;
			children = (
				362D61FB1CE1412A00F8A679 /* Breaker.scnassets */,
				362D61D21CE13F9B00F8A679 /* Assets.xcassets */,
				362D61D71CE13F9B00F8A679 /* Info.plist */,
			);
			name = Resources;
			sourceTree = "<group>";
		};
		362D61FA1CE1411700F8A679 /* Storyboards */ = {
			isa = PBXGroup;
			children = (
				362D61CF1CE13F9B00F8A679 /* Main.storyboard */,
				362D61D41CE13F9B00F8A679 /* LaunchScreen.storyboard */,
			);
			name = Storyboards;
			sourceTree = "<group>";
		};
		362D61FD1CE141A900F8A679 /* Controllers */ = {
			isa = PBXGroup;
			children = (
				362D61CD1CE13F9B00F8A679 /* GameViewController.swift */,
			);
			name = Controllers;
			sourceTree = "<group>";
		};
		362D61FE1CE141BE00F8A679 /* GameUtils */ = {
			isa = PBXGroup;
			children = (
				362D61FF1CE141BE00F8A679 /* GameHelper.swift */,
			);
			path = GameUtils;
			sourceTree = "<group>";
		};
		36ED1ABA1CE160640092A636 /* Models */ = {
			isa = PBXGroup;
			children = (
				36ED1ABB1CE160780092A636 /* ColliderType.swift */,
			);
			name = Models;
			sourceTree = "<group>";
		};
		938B3B4D1E2A7EF700DB59AA /* Extensions */ = {
			isa = PBXGroup;
			children = (
				362D62021CE141BE00F8A679 /* SCNVector3.swift */,
				362D62011CE141BE00F8A679 /* SCNAction.swift */,
				938B3B4E1E2A7F0100DB59AA /* CGFloat.swift */,
				938B3B501E2A7F6700DB59AA /* Float.swift */,
			);
			name = Extensions;
			sourceTree = "<group>";
		};
/* End PBXGroup section */

/* Begin PBXNativeTarget section */
		362D61C51CE13F9B00F8A679 /* Breaker */ = {
			isa = PBXNativeTarget;
			buildConfigurationList = 362D61F01CE13F9C00F8A679 /* Build configuration list for PBXNativeTarget "Breaker" */;
			buildPhases = (
				362D61C21CE13F9B00F8A679 /* Sources */,
				362D61C31CE13F9B00F8A679 /* Frameworks */,
				362D61C41CE13F9B00F8A679 /* Resources */,
			);
			buildRules = (
			);
			dependencies = (
			);
			name = Breaker;
			productName = Breaker;
			productReference = 362D61C61CE13F9B00F8A679 /* Breaker.app */;
			productType = "com.apple.product-type.application";
		};
		362D61DB1CE13F9B00F8A679 /* BreakerTests */ = {
			isa = PBXNativeTarget;
			buildConfigurationList = 362D61F31CE13F9C00F8A679 /* Build configuration list for PBXNativeTarget "BreakerTests" */;
			buildPhases = (
				362D61D81CE13F9B00F8A679 /* Sources */,
				362D61D91CE13F9B00F8A679 /* Frameworks */,
				362D61DA1CE13F9B00F8A679 /* Resources */,
			);
			buildRules = (
			);
			dependencies = (
				362D61DE1CE13F9C00F8A679 /* PBXTargetDependency */,
			);
			name = BreakerTests;
			productName = BreakerTests;
			productReference = 362D61DC1CE13F9B00F8A679 /* BreakerTests.xctest */;
			productType = "com.apple.product-type.bundle.unit-test";
		};
		362D61E61CE13F9C00F8A679 /* BreakerUITests */ = {
			isa = PBXNativeTarget;
			buildConfigurationList = 362D61F61CE13F9C00F8A679 /* Build configuration list for PBXNativeTarget "BreakerUITests" */;
			buildPhases = (
				362D61E31CE13F9C00F8A679 /* Sources */,
				362D61E41CE13F9C00F8A679 /* Frameworks */,
				362D61E51CE13F9C00F8A679 /* Resources */,
			);
			buildRules = (
			);
			dependencies = (
				362D61E91CE13F9C00F8A679 /* PBXTargetDependency */,
			);
			name = BreakerUITests;
			productName = BreakerUITests;
			productReference = 362D61E71CE13F9C00F8A679 /* BreakerUITests.xctest */;
			productType = "com.apple.product-type.bundle.ui-testing";
		};
/* End PBXNativeTarget section */

/* Begin PBXProject section */
		362D61BE1CE13F9B00F8A679 /* Project object */ = {
			isa = PBXProject;
			attributes = {
				LastSwiftUpdateCheck = 0730;
				LastUpgradeCheck = 0820;
				ORGANIZATIONNAME = "Eric Internicola";
				TargetAttributes = {
					362D61C51CE13F9B00F8A679 = {
						CreatedOnToolsVersion = 7.3;
						LastSwiftMigration = 0820;
					};
					362D61DB1CE13F9B00F8A679 = {
						CreatedOnToolsVersion = 7.3;
						LastSwiftMigration = 0820;
						TestTargetID = 362D61C51CE13F9B00F8A679;
					};
					362D61E61CE13F9C00F8A679 = {
						CreatedOnToolsVersion = 7.3;
						LastSwiftMigration = 0820;
						TestTargetID = 362D61C51CE13F9B00F8A679;
					};
				};
			};
			buildConfigurationList = 362D61C11CE13F9B00F8A679 /* Build configuration list for PBXProject "Breaker" */;
			compatibilityVersion = "Xcode 3.2";
			developmentRegion = English;
			hasScannedForEncodings = 0;
			knownRegions = (
				en,
				Base,
			);
			mainGroup = 362D61BD1CE13F9B00F8A679;
			productRefGroup = 362D61C71CE13F9B00F8A679 /* Products */;
			projectDirPath = "";
			projectRoot = "";
			targets = (
				362D61C51CE13F9B00F8A679 /* Breaker */,
				362D61DB1CE13F9B00F8A679 /* BreakerTests */,
				362D61E61CE13F9C00F8A679 /* BreakerUITests */,
			);
		};
/* End PBXProject section */

/* Begin PBXResourcesBuildPhase section */
		362D61C41CE13F9B00F8A679 /* Resources */ = {
			isa = PBXResourcesBuildPhase;
			buildActionMask = 2147483647;
			files = (
				362D61D61CE13F9B00F8A679 /* LaunchScreen.storyboard in Resources */,
				362D61D31CE13F9B00F8A679 /* Assets.xcassets in Resources */,
				362D61FC1CE1412A00F8A679 /* Breaker.scnassets in Resources */,
				362D61D11CE13F9B00F8A679 /* Main.storyboard in Resources */,
			);
			runOnlyForDeploymentPostprocessing = 0;
		};
		362D61DA1CE13F9B00F8A679 /* Resources */ = {
			isa = PBXResourcesBuildPhase;
			buildActionMask = 2147483647;
			files = (
			);
			runOnlyForDeploymentPostprocessing = 0;
		};
		362D61E51CE13F9C00F8A679 /* Resources */ = {
			isa = PBXResourcesBuildPhase;
			buildActionMask = 2147483647;
			files = (
			);
			runOnlyForDeploymentPostprocessing = 0;
		};
/* End PBXResourcesBuildPhase section */

/* Begin PBXSourcesBuildPhase section */
		362D61C21CE13F9B00F8A679 /* Sources */ = {
			isa = PBXSourcesBuildPhase;
			buildActionMask = 2147483647;
			files = (
				938B3B4F1E2A7F0100DB59AA /* CGFloat.swift in Sources */,
				36ED1ABC1CE160780092A636 /* ColliderType.swift in Sources */,
				362D61CE1CE13F9B00F8A679 /* GameViewController.swift in Sources */,
				362D62061CE141BE00F8A679 /* SCNVector3.swift in Sources */,
				362D62051CE141BE00F8A679 /* SCNAction.swift in Sources */,
				362D61CA1CE13F9B00F8A679 /* AppDelegate.swift in Sources */,
				362D62031CE141BE00F8A679 /* GameHelper.swift in Sources */,
				938B3B511E2A7F6700DB59AA /* Float.swift in Sources */,
			);
			runOnlyForDeploymentPostprocessing = 0;
		};
		362D61D81CE13F9B00F8A679 /* Sources */ = {
			isa = PBXSourcesBuildPhase;
			buildActionMask = 2147483647;
			files = (
				362D61E11CE13F9C00F8A679 /* BreakerTests.swift in Sources */,
			);
			runOnlyForDeploymentPostprocessing = 0;
		};
		362D61E31CE13F9C00F8A679 /* Sources */ = {
			isa = PBXSourcesBuildPhase;
			buildActionMask = 2147483647;
			files = (
				362D61EC1CE13F9C00F8A679 /* BreakerUITests.swift in Sources */,
			);
			runOnlyForDeploymentPostprocessing = 0;
		};
/* End PBXSourcesBuildPhase section */

/* Begin PBXTargetDependency section */
		362D61DE1CE13F9C00F8A679 /* PBXTargetDependency */ = {
			isa = PBXTargetDependency;
			target = 362D61C51CE13F9B00F8A679 /* Breaker */;
			targetProxy = 362D61DD1CE13F9C00F8A679 /* PBXContainerItemProxy */;
		};
		362D61E91CE13F9C00F8A679 /* PBXTargetDependency */ = {
			isa = PBXTargetDependency;
			target = 362D61C51CE13F9B00F8A679 /* Breaker */;
			targetProxy = 362D61E81CE13F9C00F8A679 /* PBXContainerItemProxy */;
		};
/* End PBXTargetDependency section */

/* Begin PBXVariantGroup section */
		362D61CF1CE13F9B00F8A679 /* Main.storyboard */ = {
			isa = PBXVariantGroup;
			children = (
				362D61D01CE13F9B00F8A679 /* Base */,
			);
			name = Main.storyboard;
			sourceTree = "<group>";
		};
		362D61D41CE13F9B00F8A679 /* LaunchScreen.storyboard */ = {
			isa = PBXVariantGroup;
			children = (
				362D61D51CE13F9B00F8A679 /* Base */,
			);
			name = LaunchScreen.storyboard;
			sourceTree = "<group>";
		};
/* End PBXVariantGroup section */

/* Begin XCBuildConfiguration section */
		362D61EE1CE13F9C00F8A679 /* Debug */ = {
			isa = XCBuildConfiguration;
			buildSettings = {
				ALWAYS_SEARCH_USER_PATHS = NO;
				CLANG_ANALYZER_NONNULL = YES;
				CLANG_CXX_LANGUAGE_STANDARD = "gnu++0x";
				CLANG_CXX_LIBRARY = "libc++";
				CLANG_ENABLE_MODULES = YES;
				CLANG_ENABLE_OBJC_ARC = YES;
				CLANG_WARN_BOOL_CONVERSION = YES;
				CLANG_WARN_CONSTANT_CONVERSION = YES;
				CLANG_WARN_DIRECT_OBJC_ISA_USAGE = YES_ERROR;
				CLANG_WARN_EMPTY_BODY = YES;
				CLANG_WARN_ENUM_CONVERSION = YES;
				CLANG_WARN_INFINITE_RECURSION = YES;
				CLANG_WARN_INT_CONVERSION = YES;
				CLANG_WARN_OBJC_ROOT_CLASS = YES_ERROR;
				CLANG_WARN_SUSPICIOUS_MOVE = YES;
				CLANG_WARN_UNREACHABLE_CODE = YES;
				CLANG_WARN__DUPLICATE_METHOD_MATCH = YES;
				"CODE_SIGN_IDENTITY[sdk=iphoneos*]" = "iPhone Developer";
				COPY_PHASE_STRIP = NO;
				DEBUG_INFORMATION_FORMAT = "dwarf-with-dsym";
				ENABLE_STRICT_OBJC_MSGSEND = YES;
				ENABLE_TESTABILITY = YES;
				GCC_C_LANGUAGE_STANDARD = gnu99;
				GCC_DYNAMIC_NO_PIC = NO;
				GCC_NO_COMMON_BLOCKS = YES;
				GCC_OPTIMIZATION_LEVEL = 0;
				GCC_PREPROCESSOR_DEFINITIONS = (
					"DEBUG=1",
					"$(inherited)",
				);
				GCC_WARN_64_TO_32_BIT_CONVERSION = YES;
				GCC_WARN_ABOUT_RETURN_TYPE = YES_ERROR;
				GCC_WARN_UNDECLARED_SELECTOR = YES;
				GCC_WARN_UNINITIALIZED_AUTOS = YES_AGGRESSIVE;
				GCC_WARN_UNUSED_FUNCTION = YES;
				GCC_WARN_UNUSED_VARIABLE = YES;
				IPHONEOS_DEPLOYMENT_TARGET = 9.3;
				MTL_ENABLE_DEBUG_INFO = YES;
				ONLY_ACTIVE_ARCH = YES;
				SDKROOT = iphoneos;
				SWIFT_OPTIMIZATION_LEVEL = "-Onone";
				TARGETED_DEVICE_FAMILY = "1,2";
			};
			name = Debug;
		};
		362D61EF1CE13F9C00F8A679 /* Release */ = {
			isa = XCBuildConfiguration;
			buildSettings = {
				ALWAYS_SEARCH_USER_PATHS = NO;
				CLANG_ANALYZER_NONNULL = YES;
				CLANG_CXX_LANGUAGE_STANDARD = "gnu++0x";
				CLANG_CXX_LIBRARY = "libc++";
				CLANG_ENABLE_MODULES = YES;
				CLANG_ENABLE_OBJC_ARC = YES;
				CLANG_WARN_BOOL_CONVERSION = YES;
				CLANG_WARN_CONSTANT_CONVERSION = YES;
				CLANG_WARN_DIRECT_OBJC_ISA_USAGE = YES_ERROR;
				CLANG_WARN_EMPTY_BODY = YES;
				CLANG_WARN_ENUM_CONVERSION = YES;
				CLANG_WARN_INFINITE_RECURSION = YES;
				CLANG_WARN_INT_CONVERSION = YES;
				CLANG_WARN_OBJC_ROOT_CLASS = YES_ERROR;
				CLANG_WARN_SUSPICIOUS_MOVE = YES;
				CLANG_WARN_UNREACHABLE_CODE = YES;
				CLANG_WARN__DUPLICATE_METHOD_MATCH = YES;
				"CODE_SIGN_IDENTITY[sdk=iphoneos*]" = "iPhone Developer";
				COPY_PHASE_STRIP = NO;
				DEBUG_INFORMATION_FORMAT = "dwarf-with-dsym";
				ENABLE_NS_ASSERTIONS = NO;
				ENABLE_STRICT_OBJC_MSGSEND = YES;
				GCC_C_LANGUAGE_STANDARD = gnu99;
				GCC_NO_COMMON_BLOCKS = YES;
				GCC_WARN_64_TO_32_BIT_CONVERSION = YES;
				GCC_WARN_ABOUT_RETURN_TYPE = YES_ERROR;
				GCC_WARN_UNDECLARED_SELECTOR = YES;
				GCC_WARN_UNINITIALIZED_AUTOS = YES_AGGRESSIVE;
				GCC_WARN_UNUSED_FUNCTION = YES;
				GCC_WARN_UNUSED_VARIABLE = YES;
				IPHONEOS_DEPLOYMENT_TARGET = 9.3;
				MTL_ENABLE_DEBUG_INFO = NO;
				SDKROOT = iphoneos;
				SWIFT_OPTIMIZATION_LEVEL = "-Owholemodule";
				TARGETED_DEVICE_FAMILY = "1,2";
				VALIDATE_PRODUCT = YES;
			};
			name = Release;
		};
		362D61F11CE13F9C00F8A679 /* Debug */ = {
			isa = XCBuildConfiguration;
			buildSettings = {
				ASSETCATALOG_COMPILER_APPICON_NAME = AppIcon;
				INFOPLIST_FILE = Breaker/Info.plist;
				LD_RUNPATH_SEARCH_PATHS = "$(inherited) @executable_path/Frameworks";
				PRODUCT_BUNDLE_IDENTIFIER = com.colasoft.Breaker;
				PRODUCT_NAME = "$(TARGET_NAME)";
				SWIFT_VERSION = 3.0;
			};
			name = Debug;
		};
		362D61F21CE13F9C00F8A679 /* Release */ = {
			isa = XCBuildConfiguration;
			buildSettings = {
				ASSETCATALOG_COMPILER_APPICON_NAME = AppIcon;
				INFOPLIST_FILE = Breaker/Info.plist;
				LD_RUNPATH_SEARCH_PATHS = "$(inherited) @executable_path/Frameworks";
				PRODUCT_BUNDLE_IDENTIFIER = com.colasoft.Breaker;
				PRODUCT_NAME = "$(TARGET_NAME)";
				SWIFT_VERSION = 3.0;
			};
			name = Release;
		};
		362D61F41CE13F9C00F8A679 /* Debug */ = {
			isa = XCBuildConfiguration;
			buildSettings = {
				BUNDLE_LOADER = "$(TEST_HOST)";
				DEBUG_INFORMATION_FORMAT = dwarf;
				INFOPLIST_FILE = BreakerTests/Info.plist;
				LD_RUNPATH_SEARCH_PATHS = "$(inherited) @executable_path/Frameworks @loader_path/Frameworks";
				PRODUCT_BUNDLE_IDENTIFIER = com.colasoft.BreakerTests;
				PRODUCT_NAME = "$(TARGET_NAME)";
				SWIFT_VERSION = 3.0;
				TEST_HOST = "$(BUILT_PRODUCTS_DIR)/Breaker.app/Breaker";
			};
			name = Debug;
		};
		362D61F51CE13F9C00F8A679 /* Release */ = {
			isa = XCBuildConfiguration;
			buildSettings = {
				BUNDLE_LOADER = "$(TEST_HOST)";
				INFOPLIST_FILE = BreakerTests/Info.plist;
				LD_RUNPATH_SEARCH_PATHS = "$(inherited) @executable_path/Frameworks @loader_path/Frameworks";
				PRODUCT_BUNDLE_IDENTIFIER = com.colasoft.BreakerTests;
				PRODUCT_NAME = "$(TARGET_NAME)";
				SWIFT_VERSION = 3.0;
				TEST_HOST = "$(BUILT_PRODUCTS_DIR)/Breaker.app/Breaker";
			};
			name = Release;
		};
		362D61F71CE13F9C00F8A679 /* Debug */ = {
			isa = XCBuildConfiguration;
			buildSettings = {
				DEBUG_INFORMATION_FORMAT = dwarf;
				INFOPLIST_FILE = BreakerUITests/Info.plist;
				LD_RUNPATH_SEARCH_PATHS = "$(inherited) @executable_path/Frameworks @loader_path/Frameworks";
				PRODUCT_BUNDLE_IDENTIFIER = com.colasoft.BreakerUITests;
				PRODUCT_NAME = "$(TARGET_NAME)";
				SWIFT_VERSION = 3.0;
				TEST_TARGET_NAME = Breaker;
			};
			name = Debug;
		};
		362D61F81CE13F9C00F8A679 /* Release */ = {
			isa = XCBuildConfiguration;
			buildSettings = {
				INFOPLIST_FILE = BreakerUITests/Info.plist;
				LD_RUNPATH_SEARCH_PATHS = "$(inherited) @executable_path/Frameworks @loader_path/Frameworks";
				PRODUCT_BUNDLE_IDENTIFIER = com.colasoft.BreakerUITests;
				PRODUCT_NAME = "$(TARGET_NAME)";
				SWIFT_VERSION = 3.0;
				TEST_TARGET_NAME = Breaker;
			};
			name = Release;
		};
/* End XCBuildConfiguration section */

/* Begin XCConfigurationList section */
		362D61C11CE13F9B00F8A679 /* Build configuration list for PBXProject "Breaker" */ = {
			isa = XCConfigurationList;
			buildConfigurations = (
				362D61EE1CE13F9C00F8A679 /* Debug */,
				362D61EF1CE13F9C00F8A679 /* Release */,
			);
			defaultConfigurationIsVisible = 0;
			defaultConfigurationName = Release;
		};
		362D61F01CE13F9C00F8A679 /* Build configuration list for PBXNativeTarget "Breaker" */ = {
			isa = XCConfigurationList;
			buildConfigurations = (
				362D61F11CE13F9C00F8A679 /* Debug */,
				362D61F21CE13F9C00F8A679 /* Release */,
			);
			defaultConfigurationIsVisible = 0;
			defaultConfigurationName = Release;
		};
		362D61F31CE13F9C00F8A679 /* Build configuration list for PBXNativeTarget "BreakerTests" */ = {
			isa = XCConfigurationList;
			buildConfigurations = (
				362D61F41CE13F9C00F8A679 /* Debug */,
				362D61F51CE13F9C00F8A679 /* Release */,
			);
			defaultConfigurationIsVisible = 0;
			defaultConfigurationName = Release;
		};
		362D61F61CE13F9C00F8A679 /* Build configuration list for PBXNativeTarget "BreakerUITests" */ = {
			isa = XCConfigurationList;
			buildConfigurations = (
				362D61F71CE13F9C00F8A679 /* Debug */,
				362D61F81CE13F9C00F8A679 /* Release */,
			);
			defaultConfigurationIsVisible = 0;
			defaultConfigurationName = Release;
		};
/* End XCConfigurationList section */
	};
	rootObject = 362D61BE1CE13F9B00F8A679 /* Project object */;
}
